
Microsoft Visual Studio Solution File, Format Version 12.00
# Visual Studio Version 17
VisualStudioVersion = 17.7.34009.444
MinimumVisualStudioVersion = 10.0.40219.1
Project("{FAE04EC0-301F-11D3-BF4B-00C04F79EFBC}") = "ArmyStrategy", "ArmyStrategy\ArmyStrategy.csproj", "{D4D7088E-1367-4FED-A84F-9C316A966084}"
EndProject
Global
	GlobalSection(SolutionConfigurationPlatforms) = preSolution
		Debug|Any CPU = Debug|Any CPU
		Release|Any CPU = Release|Any CPU
	EndGlobalSection
	GlobalSection(ProjectConfigurationPlatforms) = postSolution
		{D4D7088E-1367-4FED-A84F-9C316A966084}.Debug|Any CPU.ActiveCfg = Debug|Any CPU
		{D4D7088E-1367-4FED-A84F-9C316A966084}.Debug|Any CPU.Build.0 = Debug|Any CPU
		{D4D7088E-1367-4FED-A84F-9C316A966084}.Release|Any CPU.ActiveCfg = Release|Any CPU
		{D4D7088E-1367-4FED-A84F-9C316A966084}.Release|Any CPU.Build.0 = Release|Any CPU
	EndGlobalSection
	GlobalSection(SolutionProperties) = preSolution
		HideSolutionNode = FALSE
	EndGlobalSection
	GlobalSection(ExtensibilityGlobals) = postSolution
		SolutionGuid = {CB5D163C-3F65-48E7-B0D3-896C78CBD5B5}
	EndGlobalSection
EndGlobal
